<?xml version="1.0" encoding="utf-8"?>
<Project ToolsVersion="4.0" xmlns="http://schemas.microsoft.com/developer/msbuild/2003">
  <ItemGroup>
    <Filter Include="Blocker">
      <UniqueIdentifier>{272941E0-9308-C07B-9C20-4B52087F26DD}</UniqueIdentifier>
    </Filter>
    <Filter Include="Blocker\Events">
      <UniqueIdentifier>{2B23B641-17F1-A947-0085-1A6EECF185AC}</UniqueIdentifier>
    </Filter>
    <Filter Include="Platform">
      <UniqueIdentifier>{2AC788B4-1694-E3BF-3FAD-D1672BD9184E}</UniqueIdentifier>
    </Filter>
    <Filter Include="Platform\Windows">
      <UniqueIdentifier>{64FBD71A-50F4-F66C-7926-DCF1657ED678}</UniqueIdentifier>
    </Filter>
  </ItemGroup>
  <ItemGroup>
    <ClInclude Include="src\Blocker.h" />
    <ClInclude Include="src\Blocker\Application.h">
      <Filter>Blocker</Filter>
    </ClInclude>
    <ClInclude Include="src\Blocker\Core.h">
      <Filter>Blocker</Filter>
    </ClInclude>
    <ClInclude Include="src\Blocker\EntryPoint.h">
      <Filter>Blocker</Filter>
    </ClInclude>
    <ClInclude Include="src\Blocker\Events\ApplicationEvent.h">
      <Filter>Blocker\Events</Filter>
    </ClInclude>
    <ClInclude Include="src\Blocker\Events\Event.h">
      <Filter>Blocker\Events</Filter>
    </ClInclude>
    <ClInclude Include="src\Blocker\Events\KeyEvent.h">
      <Filter>Blocker\Events</Filter>
    </ClInclude>
    <ClInclude Include="src\Blocker\Events\MouseEvent.h">
      <Filter>Blocker\Events</Filter>
    </ClInclude>
    <ClInclude Include="src\Blocker\Layer.h">
      <Filter>Blocker</Filter>
    </ClInclude>
    <ClInclude Include="src\Blocker\LayerStack.h">
      <Filter>Blocker</Filter>
    </ClInclude>
    <ClInclude Include="src\Blocker\Log.h">
      <Filter>Blocker</Filter>
    </ClInclude>
    <ClInclude Include="src\Blocker\Window.h">
      <Filter>Blocker</Filter>
    </ClInclude>
    <ClInclude Include="src\Platform\Windows\WindowsWindow.h">
      <Filter>Platform\Windows</Filter>
    </ClInclude>
    <ClInclude Include="src\blockerpch.h" />
  </ItemGroup>
  <ItemGroup>
    <ClCompile Include="src\Blocker\Application.cpp">
      <Filter>Blocker</Filter>
    </ClCompile>
    <ClCompile Include="src\Blocker\Layer.cpp">
      <Filter>Blocker</Filter>
    </ClCompile>
    <ClCompile Include="src\Blocker\LayerStack.cpp">
      <Filter>Blocker</Filter>
    </ClCompile>
    <ClCompile Include="src\Blocker\Log.cpp">
      <Filter>Blocker</Filter>
    </ClCompile>
    <ClCompile Include="src\Platform\Windows\WindowsWindow.cpp">
      <Filter>Platform\Windows</Filter>
    </ClCompile>
    <ClCompile Include="src\blockerpch.cpp" />
  </ItemGroup>
</Project>