<?xml version="1.0" encoding="utf-8"?>
<Project ToolsVersion="4.0" xmlns="http://schemas.microsoft.com/developer/msbuild/2003">
  <ItemGroup>
    <Filter Include="Blocker">
      <UniqueIdentifier>{272941E0-9308-C07B-9C20-4B52087F26DD}</UniqueIdentifier>
    </Filter>
  </ItemGroup>
  <ItemGroup>
    <ClInclude Include="src\Blocker.h" />
    <ClInclude Include="src\Blocker\Application.h">
      <Filter>Blocker</Filter>
    </ClInclude>
    <ClInclude Include="src\Blocker\Core.h">
      <Filter>Blocker</Filter>
    </ClInclude>
    <ClInclude Include="src\Blocker\EntryPoint.h">
      <Filter>Blocker</Filter>
    </ClInclude>
    <ClInclude Include="src\Blocker\Log.h">
      <Filter>Blocker</Filter>
    </ClInclude>
  </ItemGroup>
  <ItemGroup>
    <ClCompile Include="src\Blocker\Application.cpp">
      <Filter>Blocker</Filter>
    </ClCompile>
    <ClCompile Include="src\Blocker\Log.cpp">
      <Filter>Blocker</Filter>
    </ClCompile>
  </ItemGroup>
</Project>